{
  "name": "subbu553-calculator",
  "version": "1.0.0",
  "lockfileVersion": 3,
  "requires": true,
  "packages": {
    "": {
      "name": "subbu553-calculator",
      "version": "1.0.0",
      "license": "ISC",
      "dependencies": {
        "subbu553-calculator": "^1.0.0"
      }
    },
    "node_modules/subbu553-calculator": {
      "version": "1.0.0",
      "resolved": "https://registry.npmjs.org/subbu553-calculator/-/subbu553-calculator-1.0.0.tgz",
      "integrity": "sha512-CBb5d1iZ5uYNtGPkKE3k5pjnJhyg6e+SmwKHrrlxy/N4TbWMgx3AxXzK7a1oYZE1aGALM1LLHMy4bvF4/GrQ/A==",
      "license": "ISC"
    }
  }
}
